
Microsoft Visual Studio Solution File, Format Version 11.00
# Visual Studio 2010
Project("{FAE04EC0-301F-11D3-BF4B-00C04F79EFBC}") = "Roll and Ball", "Assembly-CSharp.csproj", "{F34255BB-2015-AF06-51EF-1823A4C8EFFF}"
EndProject
Global
	GlobalSection(SolutionConfigurationPlatforms) = preSolution
		Debug|Any CPU = Debug|Any CPU
		Release|Any CPU = Release|Any CPU
	EndGlobalSection
	GlobalSection(ProjectConfigurationPlatforms) = postSolution
		{F34255BB-2015-AF06-51EF-1823A4C8EFFF}.Debug|Any CPU.ActiveCfg = Debug|Any CPU
		{F34255BB-2015-AF06-51EF-1823A4C8EFFF}.Debug|Any CPU.Build.0 = Debug|Any CPU
		{F34255BB-2015-AF06-51EF-1823A4C8EFFF}.Release|Any CPU.ActiveCfg = Release|Any CPU
		{F34255BB-2015-AF06-51EF-1823A4C8EFFF}.Release|Any CPU.Build.0 = Release|Any CPU
	EndGlobalSection
	GlobalSection(SolutionProperties) = preSolution
		HideSolutionNode = FALSE
	EndGlobalSection
	GlobalSection(MonoDevelopProperties) = preSolution
		StartupItem = Assembly-CSharp.csproj
	EndGlobalSection
EndGlobal
