
Microsoft Visual Studio Solution File, Format Version 11.00
# Visual Studio 2010
Project("{FAE04EC0-301F-11D3-BF4B-00C04F79EFBC}") = "toby", "Assembly-CSharp.csproj", "{7E022D06-3433-3444-6037-48BB5196A767}"
EndProject
Global
	GlobalSection(SolutionConfigurationPlatforms) = preSolution
		Debug|Any CPU = Debug|Any CPU
		Release|Any CPU = Release|Any CPU
	EndGlobalSection
	GlobalSection(ProjectConfigurationPlatforms) = postSolution
		{7E022D06-3433-3444-6037-48BB5196A767}.Debug|Any CPU.ActiveCfg = Debug|Any CPU
		{7E022D06-3433-3444-6037-48BB5196A767}.Debug|Any CPU.Build.0 = Debug|Any CPU
		{7E022D06-3433-3444-6037-48BB5196A767}.Release|Any CPU.ActiveCfg = Release|Any CPU
		{7E022D06-3433-3444-6037-48BB5196A767}.Release|Any CPU.Build.0 = Release|Any CPU
	EndGlobalSection
	GlobalSection(SolutionProperties) = preSolution
		HideSolutionNode = FALSE
	EndGlobalSection
	GlobalSection(MonoDevelopProperties) = preSolution
		StartupItem = Assembly-CSharp.csproj
	EndGlobalSection
EndGlobal
